{
    "hash": "bb868e60cbfb493355088796fef328a9",
    "packages": [
        {
            "name": "lusitanian/oauth",
            "version": "dev-master",
            "source": {
                "type": "git",
                "url": "C:/wamp/www/PHPoAuthLib",
                "reference": "5ada9a584e32739fe3c0a5ccea50ae7b0c9f608f"
            },
            "require": {
                "php": ">=5.4.0"
            },
            "require-dev": {
                "symfony/http-foundation": "~2.1"
            },
            "type": "library",
            "extra": {
                "branch-alias": {
                    "dev-master": "0.1-dev"
                }
            },
            "autoload": {
                "psr-0": {
                    "OAuth": "src"
                }
            },
            "license": [
                "MIT"
            ],
            "authors": [
                {
                    "name": "David Desberg",
                    "email": "david@daviddesberg.com"
                },
                {
                    "name": "Pieter Hordijk",
                    "email": "info@pieterhordijk.com"
                }
            ],
            "description": "PHP 5.4+ oAuth 1/2 Library",
            "keywords": [
                "authentication",
                "authorization",
                "oauth",
                "security"
            ],
            "time": "2013-03-19 03:16:59"
        }
    ],
    "packages-dev": [

    ],
    "aliases": [

    ],
    "minimum-stability": "stable",
    "stability-flags": {
        "lusitanian/oauth": 20
    },
    "platform": {
        "php": ">=5.3.2"
    },
    "platform-dev": [

    ]
}
