{
    "hash": "2197f9e6feb8a3daad78dc2d1bd5a129",
    "packages": [
        {
            "name": "lusitanian/oauth",
            "version": "dev-master",
            "source": {
                "type": "git",
                "url": "https://github.com/TheSavior/PHPoAuthLib.git",
                "reference": "45dd1fcbae43ae9095125f44fe604916329a4ea5"
            },
            "dist": {
                "type": "zip",
                "url": "https://api.github.com/repos/TheSavior/PHPoAuthLib/zipball/45dd1fcbae43ae9095125f44fe604916329a4ea5",
                "reference": "45dd1fcbae43ae9095125f44fe604916329a4ea5",
                "shasum": ""
            },
            "require": {
                "php": ">=5.4.0"
            },
            "require-dev": {
                "symfony/http-foundation": "~2.1"
            },
            "type": "library",
            "extra": {
                "branch-alias": {
                    "dev-master": "0.1-dev"
                }
            },
            "autoload": {
                "psr-0": {
                    "OAuth": "src"
                }
            },
            "license": [
                "MIT"
            ],
            "authors": [
                {
                    "name": "David Desberg",
                    "email": "david@daviddesberg.com"
                },
                {
                    "name": "Pieter Hordijk",
                    "email": "info@pieterhordijk.com"
                }
            ],
            "description": "PHP 5.4+ oAuth 1/2 Library",
            "keywords": [
                "authentication",
                "authorization",
                "oauth",
                "security"
            ],
            "support": {
                "source": "https://github.com/TheSavior/PHPoAuthLib/tree/master"
            },
            "time": "2013-03-19 03:32:37"
        }
    ],
    "packages-dev": [

    ],
    "aliases": [

    ],
    "minimum-stability": "stable",
    "stability-flags": {
        "lusitanian/oauth": 20
    },
    "platform": {
        "php": ">=5.4"
    },
    "platform-dev": [

    ]
}
